// !$*UTF8*$!
{
	archiveVersion = 1;
	classes = {
	};
	objectVersion = 50;
	objects = {

/* Begin PBXBuildFile section */
		C437741B2620101B0059FD48 /* rightAnswer.wav in Resources */ = {isa = PBXBuildFile; fileRef = C437741A2620101B0059FD48 /* rightAnswer.wav */; };
		C437741F262015410059FD48 /* victory.wav in Resources */ = {isa = PBXBuildFile; fileRef = C437741E262015410059FD48 /* victory.wav */; };
		C4377422262015490059FD48 /* defeat.wav in Resources */ = {isa = PBXBuildFile; fileRef = C4377421262015490059FD48 /* defeat.wav */; };
		C450CC0326188B9500F121E8 /* checkAnswer.swift in Sources */ = {isa = PBXBuildFile; fileRef = C450CC0226188B9500F121E8 /* checkAnswer.swift */; };
		C47688002615E52F00CBB37B /* jsndsnlApp.swift in Sources */ = {isa = PBXBuildFile; fileRef = C47687FF2615E52F00CBB37B /* jsndsnlApp.swift */; };
		C47688022615E52F00CBB37B /* ContentView.swift in Sources */ = {isa = PBXBuildFile; fileRef = C47688012615E52F00CBB37B /* ContentView.swift */; };
		C47688042615E53000CBB37B /* Assets.xcassets in Resources */ = {isa = PBXBuildFile; fileRef = C47688032615E53000CBB37B /* Assets.xcassets */; };
		C47688072615E53000CBB37B /* Preview Assets.xcassets in Resources */ = {isa = PBXBuildFile; fileRef = C47688062615E53000CBB37B /* Preview Assets.xcassets */; };
		C4ABC1012619DCFA00FBA281 /* KeyboardView.swift in Sources */ = {isa = PBXBuildFile; fileRef = C4ABC1002619DCBB00FBA281 /* KeyboardView.swift */; };
		C4E47A8127D921DB0083DAEF /* ModelVersionApp.swift in Sources */ = {isa = PBXBuildFile; fileRef = C4E47A8027D921DB0083DAEF /* ModelVersionApp.swift */; };
		C4F326D827D7B621003B08E1 /* ModelQuestions.swift in Sources */ = {isa = PBXBuildFile; fileRef = C4F326D727D7B621003B08E1 /* ModelQuestions.swift */; };
		C4FDABFC262379B200C26676 /* GameSettings.swift in Sources */ = {isa = PBXBuildFile; fileRef = C4FDABFB262379B200C26676 /* GameSettings.swift */; };
		C4FDAC0026237B8800C26676 /* MusicAndHowToPlaying.swift in Sources */ = {isa = PBXBuildFile; fileRef = C4FDABFF26237B8800C26676 /* MusicAndHowToPlaying.swift */; };
		C4FDAC0326237C2000C26676 /* TableScores.swift in Sources */ = {isa = PBXBuildFile; fileRef = C4FDAC0226237C2000C26676 /* TableScores.swift */; };
		C4FDAC0726237CFE00C26676 /* QuestionsAndTimer.swift in Sources */ = {isa = PBXBuildFile; fileRef = C4FDAC0626237CFE00C26676 /* QuestionsAndTimer.swift */; };
/* End PBXBuildFile section */

/* Begin PBXFileReference section */
		C437741A2620101B0059FD48 /* rightAnswer.wav */ = {isa = PBXFileReference; lastKnownFileType = audio.wav; path = rightAnswer.wav; sourceTree = "<group>"; };
		C437741E262015410059FD48 /* victory.wav */ = {isa = PBXFileReference; lastKnownFileType = audio.wav; path = victory.wav; sourceTree = "<group>"; };
		C4377421262015490059FD48 /* defeat.wav */ = {isa = PBXFileReference; lastKnownFileType = audio.wav; path = defeat.wav; sourceTree = "<group>"; };
		C450CC0226188B9500F121E8 /* checkAnswer.swift */ = {isa = PBXFileReference; lastKnownFileType = sourcecode.swift; path = checkAnswer.swift; sourceTree = "<group>"; };
		C47687FC2615E52F00CBB37B /* Quiz.app */ = {isa = PBXFileReference; explicitFileType = wrapper.application; includeInIndex = 0; path = Quiz.app; sourceTree = BUILT_PRODUCTS_DIR; };
		C47687FF2615E52F00CBB37B /* jsndsnlApp.swift */ = {isa = PBXFileReference; lastKnownFileType = sourcecode.swift; path = jsndsnlApp.swift; sourceTree = "<group>"; };
		C47688012615E52F00CBB37B /* ContentView.swift */ = {isa = PBXFileReference; lastKnownFileType = sourcecode.swift; path = ContentView.swift; sourceTree = "<group>"; };
		C47688032615E53000CBB37B /* Assets.xcassets */ = {isa = PBXFileReference; lastKnownFileType = folder.assetcatalog; path = Assets.xcassets; sourceTree = "<group>"; };
		C47688062615E53000CBB37B /* Preview Assets.xcassets */ = {isa = PBXFileReference; lastKnownFileType = folder.assetcatalog; path = "Preview Assets.xcassets"; sourceTree = "<group>"; };
		C47688082615E53000CBB37B /* Info.plist */ = {isa = PBXFileReference; lastKnownFileType = text.plist.xml; path = Info.plist; sourceTree = "<group>"; };
		C4ABC1002619DCBB00FBA281 /* KeyboardView.swift */ = {isa = PBXFileReference; lastKnownFileType = sourcecode.swift; path = KeyboardView.swift; sourceTree = "<group>"; };
		C4E47A8027D921DB0083DAEF /* ModelVersionApp.swift */ = {isa = PBXFileReference; lastKnownFileType = sourcecode.swift; path = ModelVersionApp.swift; sourceTree = "<group>"; };
		C4F326D727D7B621003B08E1 /* ModelQuestions.swift */ = {isa = PBXFileReference; lastKnownFileType = sourcecode.swift; path = ModelQuestions.swift; sourceTree = "<group>"; };
		C4FDABFB262379B200C26676 /* GameSettings.swift */ = {isa = PBXFileReference; lastKnownFileType = sourcecode.swift; path = GameSettings.swift; sourceTree = "<group>"; };
		C4FDABFF26237B8800C26676 /* MusicAndHowToPlaying.swift */ = {isa = PBXFileReference; lastKnownFileType = sourcecode.swift; path = MusicAndHowToPlaying.swift; sourceTree = "<group>"; };
		C4FDAC0226237C2000C26676 /* TableScores.swift */ = {isa = PBXFileReference; lastKnownFileType = sourcecode.swift; path = TableScores.swift; sourceTree = "<group>"; };
		C4FDAC0626237CFE00C26676 /* QuestionsAndTimer.swift */ = {isa = PBXFileReference; lastKnownFileType = sourcecode.swift; path = QuestionsAndTimer.swift; sourceTree = "<group>"; };
/* End PBXFileReference section */

/* Begin PBXFrameworksBuildPhase section */
		C47687F92615E52F00CBB37B /* Frameworks */ = {
			isa = PBXFrameworksBuildPhase;
			buildActionMask = 2147483647;
			files = (
			);
			runOnlyForDeploymentPostprocessing = 0;
		};
/* End PBXFrameworksBuildPhase section */

/* Begin PBXGroup section */
		C47687F32615E52F00CBB37B = {
			isa = PBXGroup;
			children = (
				C47687FE2615E52F00CBB37B /* Quiz */,
				C47687FD2615E52F00CBB37B /* Products */,
			);
			sourceTree = "<group>";
		};
		C47687FD2615E52F00CBB37B /* Products */ = {
			isa = PBXGroup;
			children = (
				C47687FC2615E52F00CBB37B /* Quiz.app */,
			);
			name = Products;
			sourceTree = "<group>";
		};
		C47687FE2615E52F00CBB37B /* Quiz */ = {
			isa = PBXGroup;
			children = (
				C47687FF2615E52F00CBB37B /* jsndsnlApp.swift */,
				C47688012615E52F00CBB37B /* ContentView.swift */,
				C4FDAC0C26238A8200C26676 /* StartView */,
				C4FDAC0A26238A6000C26676 /* GameView */,
				C4CA1D1627D7CDF600F3F3AD /* Controller */,
				C4CA1D1527D7CDCD00F3F3AD /* Model */,
				C4FDABFA2623797900C26676 /* Music */,
				C47688032615E53000CBB37B /* Assets.xcassets */,
				C47688082615E53000CBB37B /* Info.plist */,
				C47688052615E53000CBB37B /* Preview Content */,
			);
			path = Quiz;
			sourceTree = "<group>";
		};
		C47688052615E53000CBB37B /* Preview Content */ = {
			isa = PBXGroup;
			children = (
				C47688062615E53000CBB37B /* Preview Assets.xcassets */,
			);
			path = "Preview Content";
			sourceTree = "<group>";
		};
		C4CA1D1527D7CDCD00F3F3AD /* Model */ = {
			isa = PBXGroup;
			children = (
				C4F326D727D7B621003B08E1 /* ModelQuestions.swift */,
				C4E47A8027D921DB0083DAEF /* ModelVersionApp.swift */,
			);
			path = Model;
			sourceTree = "<group>";
		};
		C4CA1D1627D7CDF600F3F3AD /* Controller */ = {
			isa = PBXGroup;
			children = (
				C450CC0226188B9500F121E8 /* checkAnswer.swift */,
			);
			path = Controller;
			sourceTree = "<group>";
		};
		C4FDABFA2623797900C26676 /* Music */ = {
			isa = PBXGroup;
			children = (
				C437741A2620101B0059FD48 /* rightAnswer.wav */,
				C437741E262015410059FD48 /* victory.wav */,
				C4377421262015490059FD48 /* defeat.wav */,
			);
			path = Music;
			sourceTree = "<group>";
		};
		C4FDAC0A26238A6000C26676 /* GameView */ = {
			isa = PBXGroup;
			children = (
				C4FDAC0226237C2000C26676 /* TableScores.swift */,
				C4FDAC0626237CFE00C26676 /* QuestionsAndTimer.swift */,
				C4ABC1002619DCBB00FBA281 /* KeyboardView.swift */,
			);
			path = GameView;
			sourceTree = "<group>";
		};
		C4FDAC0C26238A8200C26676 /* StartView */ = {
			isa = PBXGroup;
			children = (
				C4FDABFF26237B8800C26676 /* MusicAndHowToPlaying.swift */,
				C4FDABFB262379B200C26676 /* GameSettings.swift */,
			);
			path = StartView;
			sourceTree = "<group>";
		};
/* End PBXGroup section */

/* Begin PBXNativeTarget section */
		C47687FB2615E52F00CBB37B /* Quiz */ = {
			isa = PBXNativeTarget;
			buildConfigurationList = C476880B2615E53000CBB37B /* Build configuration list for PBXNativeTarget "Quiz" */;
			buildPhases = (
				C47687F82615E52F00CBB37B /* Sources */,
				C47687F92615E52F00CBB37B /* Frameworks */,
				C47687FA2615E52F00CBB37B /* Resources */,
			);
			buildRules = (
			);
			dependencies = (
			);
			name = Quiz;
			productName = jsndsnl;
			productReference = C47687FC2615E52F00CBB37B /* Quiz.app */;
			productType = "com.apple.product-type.application";
		};
/* End PBXNativeTarget section */

/* Begin PBXProject section */
		C47687F42615E52F00CBB37B /* Project object */ = {
			isa = PBXProject;
			attributes = {
				LastSwiftUpdateCheck = 1240;
				LastUpgradeCheck = 1240;
				TargetAttributes = {
					C47687FB2615E52F00CBB37B = {
						CreatedOnToolsVersion = 12.4;
					};
				};
			};
			buildConfigurationList = C47687F72615E52F00CBB37B /* Build configuration list for PBXProject "Quiz" */;
			compatibilityVersion = "Xcode 9.3";
			developmentRegion = en;
			hasScannedForEncodings = 0;
			knownRegions = (
				en,
				Base,
			);
			mainGroup = C47687F32615E52F00CBB37B;
			productRefGroup = C47687FD2615E52F00CBB37B /* Products */;
			projectDirPath = "";
			projectRoot = "";
			targets = (
				C47687FB2615E52F00CBB37B /* Quiz */,
			);
		};
/* End PBXProject section */

/* Begin PBXResourcesBuildPhase section */
		C47687FA2615E52F00CBB37B /* Resources */ = {
			isa = PBXResourcesBuildPhase;
			buildActionMask = 2147483647;
			files = (
				C437741B2620101B0059FD48 /* rightAnswer.wav in Resources */,
				C47688072615E53000CBB37B /* Preview Assets.xcassets in Resources */,
				C47688042615E53000CBB37B /* Assets.xcassets in Resources */,
				C4377422262015490059FD48 /* defeat.wav in Resources */,
				C437741F262015410059FD48 /* victory.wav in Resources */,
			);
			runOnlyForDeploymentPostprocessing = 0;
		};
/* End PBXResourcesBuildPhase section */

/* Begin PBXSourcesBuildPhase section */
		C47687F82615E52F00CBB37B /* Sources */ = {
			isa = PBXSourcesBuildPhase;
			buildActionMask = 2147483647;
			files = (
				C47688022615E52F00CBB37B /* ContentView.swift in Sources */,
				C4FDAC0726237CFE00C26676 /* QuestionsAndTimer.swift in Sources */,
				C4F326D827D7B621003B08E1 /* ModelQuestions.swift in Sources */,
				C450CC0326188B9500F121E8 /* checkAnswer.swift in Sources */,
				C4FDABFC262379B200C26676 /* GameSettings.swift in Sources */,
				C4FDAC0326237C2000C26676 /* TableScores.swift in Sources */,
				C4E47A8127D921DB0083DAEF /* ModelVersionApp.swift in Sources */,
				C47688002615E52F00CBB37B /* jsndsnlApp.swift in Sources */,
				C4FDAC0026237B8800C26676 /* MusicAndHowToPlaying.swift in Sources */,
				C4ABC1012619DCFA00FBA281 /* KeyboardView.swift in Sources */,
			);
			runOnlyForDeploymentPostprocessing = 0;
		};
/* End PBXSourcesBuildPhase section */

/* Begin XCBuildConfiguration section */
		C47688092615E53000CBB37B /* Debug */ = {
			isa = XCBuildConfiguration;
			buildSettings = {
				ALWAYS_SEARCH_USER_PATHS = NO;
				CLANG_ANALYZER_NONNULL = YES;
				CLANG_ANALYZER_NUMBER_OBJECT_CONVERSION = YES_AGGRESSIVE;
				CLANG_CXX_LANGUAGE_STANDARD = "gnu++14";
				CLANG_CXX_LIBRARY = "libc++";
				CLANG_ENABLE_MODULES = YES;
				CLANG_ENABLE_OBJC_ARC = YES;
				CLANG_ENABLE_OBJC_WEAK = YES;
				CLANG_WARN_BLOCK_CAPTURE_AUTORELEASING = YES;
				CLANG_WARN_BOOL_CONVERSION = YES;
				CLANG_WARN_COMMA = YES;
				CLANG_WARN_CONSTANT_CONVERSION = YES;
				CLANG_WARN_DEPRECATED_OBJC_IMPLEMENTATIONS = YES;
				CLANG_WARN_DIRECT_OBJC_ISA_USAGE = YES_ERROR;
				CLANG_WARN_DOCUMENTATION_COMMENTS = YES;
				CLANG_WARN_EMPTY_BODY = YES;
				CLANG_WARN_ENUM_CONVERSION = YES;
				CLANG_WARN_INFINITE_RECURSION = YES;
				CLANG_WARN_INT_CONVERSION = YES;
				CLANG_WARN_NON_LITERAL_NULL_CONVERSION = YES;
				CLANG_WARN_OBJC_IMPLICIT_RETAIN_SELF = YES;
				CLANG_WARN_OBJC_LITERAL_CONVERSION = YES;
				CLANG_WARN_OBJC_ROOT_CLASS = YES_ERROR;
				CLANG_WARN_QUOTED_INCLUDE_IN_FRAMEWORK_HEADER = YES;
				CLANG_WARN_RANGE_LOOP_ANALYSIS = YES;
				CLANG_WARN_STRICT_PROTOTYPES = YES;
				CLANG_WARN_SUSPICIOUS_MOVE = YES;
				CLANG_WARN_UNGUARDED_AVAILABILITY = YES_AGGRESSIVE;
				CLANG_WARN_UNREACHABLE_CODE = YES;
				CLANG_WARN__DUPLICATE_METHOD_MATCH = YES;
				COPY_PHASE_STRIP = NO;
				DEBUG_INFORMATION_FORMAT = dwarf;
				ENABLE_STRICT_OBJC_MSGSEND = YES;
				ENABLE_TESTABILITY = YES;
				GCC_C_LANGUAGE_STANDARD = gnu11;
				GCC_DYNAMIC_NO_PIC = NO;
				GCC_NO_COMMON_BLOCKS = YES;
				GCC_OPTIMIZATION_LEVEL = 0;
				GCC_PREPROCESSOR_DEFINITIONS = (
					"DEBUG=1",
					"$(inherited)",
				);
				GCC_WARN_64_TO_32_BIT_CONVERSION = YES;
				GCC_WARN_ABOUT_RETURN_TYPE = YES_ERROR;
				GCC_WARN_UNDECLARED_SELECTOR = YES;
				GCC_WARN_UNINITIALIZED_AUTOS = YES_AGGRESSIVE;
				GCC_WARN_UNUSED_FUNCTION = YES;
				GCC_WARN_UNUSED_VARIABLE = YES;
				IPHONEOS_DEPLOYMENT_TARGET = 14.4;
				MTL_ENABLE_DEBUG_INFO = INCLUDE_SOURCE;
				MTL_FAST_MATH = YES;
				ONLY_ACTIVE_ARCH = YES;
				SDKROOT = iphoneos;
				SWIFT_ACTIVE_COMPILATION_CONDITIONS = DEBUG;
				SWIFT_OPTIMIZATION_LEVEL = "-Onone";
			};
			name = Debug;
		};
		C476880A2615E53000CBB37B /* Release */ = {
			isa = XCBuildConfiguration;
			buildSettings = {
				ALWAYS_SEARCH_USER_PATHS = NO;
				CLANG_ANALYZER_NONNULL = YES;
				CLANG_ANALYZER_NUMBER_OBJECT_CONVERSION = YES_AGGRESSIVE;
				CLANG_CXX_LANGUAGE_STANDARD = "gnu++14";
				CLANG_CXX_LIBRARY = "libc++";
				CLANG_ENABLE_MODULES = YES;
				CLANG_ENABLE_OBJC_ARC = YES;
				CLANG_ENABLE_OBJC_WEAK = YES;
				CLANG_WARN_BLOCK_CAPTURE_AUTORELEASING = YES;
				CLANG_WARN_BOOL_CONVERSION = YES;
				CLANG_WARN_COMMA = YES;
				CLANG_WARN_CONSTANT_CONVERSION = YES;
				CLANG_WARN_DEPRECATED_OBJC_IMPLEMENTATIONS = YES;
				CLANG_WARN_DIRECT_OBJC_ISA_USAGE = YES_ERROR;
				CLANG_WARN_DOCUMENTATION_COMMENTS = YES;
				CLANG_WARN_EMPTY_BODY = YES;
				CLANG_WARN_ENUM_CONVERSION = YES;
				CLANG_WARN_INFINITE_RECURSION = YES;
				CLANG_WARN_INT_CONVERSION = YES;
				CLANG_WARN_NON_LITERAL_NULL_CONVERSION = YES;
				CLANG_WARN_OBJC_IMPLICIT_RETAIN_SELF = YES;
				CLANG_WARN_OBJC_LITERAL_CONVERSION = YES;
				CLANG_WARN_OBJC_ROOT_CLASS = YES_ERROR;
				CLANG_WARN_QUOTED_INCLUDE_IN_FRAMEWORK_HEADER = YES;
				CLANG_WARN_RANGE_LOOP_ANALYSIS = YES;
				CLANG_WARN_STRICT_PROTOTYPES = YES;
				CLANG_WARN_SUSPICIOUS_MOVE = YES;
				CLANG_WARN_UNGUARDED_AVAILABILITY = YES_AGGRESSIVE;
				CLANG_WARN_UNREACHABLE_CODE = YES;
				CLANG_WARN__DUPLICATE_METHOD_MATCH = YES;
				COPY_PHASE_STRIP = NO;
				DEBUG_INFORMATION_FORMAT = "dwarf-with-dsym";
				ENABLE_NS_ASSERTIONS = NO;
				ENABLE_STRICT_OBJC_MSGSEND = YES;
				GCC_C_LANGUAGE_STANDARD = gnu11;
				GCC_NO_COMMON_BLOCKS = YES;
				GCC_WARN_64_TO_32_BIT_CONVERSION = YES;
				GCC_WARN_ABOUT_RETURN_TYPE = YES_ERROR;
				GCC_WARN_UNDECLARED_SELECTOR = YES;
				GCC_WARN_UNINITIALIZED_AUTOS = YES_AGGRESSIVE;
				GCC_WARN_UNUSED_FUNCTION = YES;
				GCC_WARN_UNUSED_VARIABLE = YES;
				IPHONEOS_DEPLOYMENT_TARGET = 14.4;
				MTL_ENABLE_DEBUG_INFO = NO;
				MTL_FAST_MATH = YES;
				SDKROOT = iphoneos;
				SWIFT_COMPILATION_MODE = wholemodule;
				SWIFT_OPTIMIZATION_LEVEL = "-O";
				VALIDATE_PRODUCT = YES;
			};
			name = Release;
		};
		C476880C2615E53000CBB37B /* Debug */ = {
			isa = XCBuildConfiguration;
			buildSettings = {
				ASSETCATALOG_COMPILER_APPICON_NAME = AppIcon;
				ASSETCATALOG_COMPILER_GLOBAL_ACCENT_COLOR_NAME = AccentColor;
				CODE_SIGN_STYLE = Automatic;
				DEVELOPMENT_ASSET_PATHS = "\"Quiz/Preview Content\"";
				DEVELOPMENT_TEAM = 8AP3BS5F75;
				ENABLE_PREVIEWS = YES;
				INFOPLIST_FILE = Quiz/Info.plist;
				IPHONEOS_DEPLOYMENT_TARGET = 14.0;
				LD_RUNPATH_SEARCH_PATHS = (
					"$(inherited)",
					"@executable_path/Frameworks",
				);
				PRODUCT_BUNDLE_IDENTIFIER = supodoco.jsndsnl;
				PRODUCT_NAME = "$(TARGET_NAME)";
				SWIFT_VERSION = 5.0;
				TARGETED_DEVICE_FAMILY = "1,2";
			};
			name = Debug;
		};
		C476880D2615E53000CBB37B /* Release */ = {
			isa = XCBuildConfiguration;
			buildSettings = {
				ASSETCATALOG_COMPILER_APPICON_NAME = AppIcon;
				ASSETCATALOG_COMPILER_GLOBAL_ACCENT_COLOR_NAME = AccentColor;
				CODE_SIGN_STYLE = Automatic;
				DEVELOPMENT_ASSET_PATHS = "\"Quiz/Preview Content\"";
				DEVELOPMENT_TEAM = 8AP3BS5F75;
				ENABLE_PREVIEWS = YES;
				INFOPLIST_FILE = Quiz/Info.plist;
				IPHONEOS_DEPLOYMENT_TARGET = 14.0;
				LD_RUNPATH_SEARCH_PATHS = (
					"$(inherited)",
					"@executable_path/Frameworks",
				);
				PRODUCT_BUNDLE_IDENTIFIER = supodoco.jsndsnl;
				PRODUCT_NAME = "$(TARGET_NAME)";
				SWIFT_VERSION = 5.0;
				TARGETED_DEVICE_FAMILY = "1,2";
			};
			name = Release;
		};
/* End XCBuildConfiguration section */

/* Begin XCConfigurationList section */
		C47687F72615E52F00CBB37B /* Build configuration list for PBXProject "Quiz" */ = {
			isa = XCConfigurationList;
			buildConfigurations = (
				C47688092615E53000CBB37B /* Debug */,
				C476880A2615E53000CBB37B /* Release */,
			);
			defaultConfigurationIsVisible = 0;
			defaultConfigurationName = Release;
		};
		C476880B2615E53000CBB37B /* Build configuration list for PBXNativeTarget "Quiz" */ = {
			isa = XCConfigurationList;
			buildConfigurations = (
				C476880C2615E53000CBB37B /* Debug */,
				C476880D2615E53000CBB37B /* Release */,
			);
			defaultConfigurationIsVisible = 0;
			defaultConfigurationName = Release;
		};
/* End XCConfigurationList section */
	};
	rootObject = C47687F42615E52F00CBB37B /* Project object */;
}
